// !$*UTF8*$!
{
	archiveVersion = 1;
	classes = {
	};
	objectVersion = 46;
	objects = {

/* Begin PBXBuildFile section */
		987D79BF162775C500FD44A3 /* UIKit.framework in Frameworks */ = {isa = PBXBuildFile; fileRef = 987D79BE162775C500FD44A3 /* UIKit.framework */; };
		987D79C1162775C500FD44A3 /* Foundation.framework in Frameworks */ = {isa = PBXBuildFile; fileRef = 987D79C0162775C500FD44A3 /* Foundation.framework */; };
		987D79C3162775C500FD44A3 /* CoreGraphics.framework in Frameworks */ = {isa = PBXBuildFile; fileRef = 987D79C2162775C500FD44A3 /* CoreGraphics.framework */; };
		987D79C5162775C500FD44A3 /* GLKit.framework in Frameworks */ = {isa = PBXBuildFile; fileRef = 987D79C4162775C500FD44A3 /* GLKit.framework */; };
		987D79C7162775C500FD44A3 /* OpenGLES.framework in Frameworks */ = {isa = PBXBuildFile; fileRef = 987D79C6162775C500FD44A3 /* OpenGLES.framework */; };
		987D79CD162775C500FD44A3 /* InfoPlist.strings in Resources */ = {isa = PBXBuildFile; fileRef = 987D79CB162775C500FD44A3 /* InfoPlist.strings */; };
		987D79CF162775C500FD44A3 /* main.m in Sources */ = {isa = PBXBuildFile; fileRef = 987D79CE162775C500FD44A3 /* main.m */; };
		987D79D3162775C500FD44A3 /* BreakoutAppDelegate.m in Sources */ = {isa = PBXBuildFile; fileRef = 987D79D2162775C500FD44A3 /* BreakoutAppDelegate.m */; };
		987D79D6162775C500FD44A3 /* MainStoryboard_iPhone.storyboard in Resources */ = {isa = PBXBuildFile; fileRef = 987D79D4162775C500FD44A3 /* MainStoryboard_iPhone.storyboard */; };
		987D79D9162775C500FD44A3 /* MainStoryboard_iPad.storyboard in Resources */ = {isa = PBXBuildFile; fileRef = 987D79D7162775C500FD44A3 /* MainStoryboard_iPad.storyboard */; };
		987D79DB162775C500FD44A3 /* Shader.fsh in Resources */ = {isa = PBXBuildFile; fileRef = 987D79DA162775C500FD44A3 /* Shader.fsh */; };
		987D79DD162775C500FD44A3 /* Shader.vsh in Resources */ = {isa = PBXBuildFile; fileRef = 987D79DC162775C500FD44A3 /* Shader.vsh */; };
		987D79E0162775C500FD44A3 /* BreakoutViewController.m in Sources */ = {isa = PBXBuildFile; fileRef = 987D79DF162775C500FD44A3 /* BreakoutViewController.m */; };
		98FFBF4D1649C81600847368 /* IBRTexture.mm in Sources */ = {isa = PBXBuildFile; fileRef = 98FFBF4A1649C81600847368 /* IBRTexture.mm */; };
		98FFBF4E1649C81600847368 /* TEXTURE.cpp in Sources */ = {isa = PBXBuildFile; fileRef = 98FFBF4B1649C81600847368 /* TEXTURE.cpp */; };
		98FFBF531649C95F00847368 /* VideoShader.fsh in Sources */ = {isa = PBXBuildFile; fileRef = 98FFBF511649C95F00847368 /* VideoShader.fsh */; };
		98FFBF541649C95F00847368 /* VideoShader.vsh in Sources */ = {isa = PBXBuildFile; fileRef = 98FFBF521649C95F00847368 /* VideoShader.vsh */; };
/* End PBXBuildFile section */

/* Begin PBXFileReference section */
		987D79BA162775C500FD44A3 /* Breakout.app */ = {isa = PBXFileReference; explicitFileType = wrapper.application; includeInIndex = 0; path = Breakout.app; sourceTree = BUILT_PRODUCTS_DIR; };
		987D79BE162775C500FD44A3 /* UIKit.framework */ = {isa = PBXFileReference; lastKnownFileType = wrapper.framework; name = UIKit.framework; path = System/Library/Frameworks/UIKit.framework; sourceTree = SDKROOT; };
		987D79C0162775C500FD44A3 /* Foundation.framework */ = {isa = PBXFileReference; lastKnownFileType = wrapper.framework; name = Foundation.framework; path = System/Library/Frameworks/Foundation.framework; sourceTree = SDKROOT; };
		987D79C2162775C500FD44A3 /* CoreGraphics.framework */ = {isa = PBXFileReference; lastKnownFileType = wrapper.framework; name = CoreGraphics.framework; path = System/Library/Frameworks/CoreGraphics.framework; sourceTree = SDKROOT; };
		987D79C4162775C500FD44A3 /* GLKit.framework */ = {isa = PBXFileReference; lastKnownFileType = wrapper.framework; name = GLKit.framework; path = System/Library/Frameworks/GLKit.framework; sourceTree = SDKROOT; };
		987D79C6162775C500FD44A3 /* OpenGLES.framework */ = {isa = PBXFileReference; lastKnownFileType = wrapper.framework; name = OpenGLES.framework; path = System/Library/Frameworks/OpenGLES.framework; sourceTree = SDKROOT; };
		987D79CA162775C500FD44A3 /* Breakout-Info.plist */ = {isa = PBXFileReference; lastKnownFileType = text.plist.xml; path = "Breakout-Info.plist"; sourceTree = "<group>"; };
		987D79CC162775C500FD44A3 /* en */ = {isa = PBXFileReference; lastKnownFileType = text.plist.strings; name = en; path = en.lproj/InfoPlist.strings; sourceTree = "<group>"; };
		987D79CE162775C500FD44A3 /* main.m */ = {isa = PBXFileReference; lastKnownFileType = sourcecode.c.objc; path = main.m; sourceTree = "<group>"; };
		987D79D0162775C500FD44A3 /* Breakout-Prefix.pch */ = {isa = PBXFileReference; lastKnownFileType = sourcecode.c.h; path = "Breakout-Prefix.pch"; sourceTree = "<group>"; };
		987D79D1162775C500FD44A3 /* BreakoutAppDelegate.h */ = {isa = PBXFileReference; lastKnownFileType = sourcecode.c.h; path = BreakoutAppDelegate.h; sourceTree = "<group>"; };
		987D79D2162775C500FD44A3 /* BreakoutAppDelegate.m */ = {isa = PBXFileReference; lastKnownFileType = sourcecode.c.objc; path = BreakoutAppDelegate.m; sourceTree = "<group>"; };
		987D79D5162775C500FD44A3 /* en */ = {isa = PBXFileReference; lastKnownFileType = file.storyboard; name = en; path = en.lproj/MainStoryboard_iPhone.storyboard; sourceTree = "<group>"; };
		987D79D8162775C500FD44A3 /* en */ = {isa = PBXFileReference; lastKnownFileType = file.storyboard; name = en; path = en.lproj/MainStoryboard_iPad.storyboard; sourceTree = "<group>"; };
		987D79DA162775C500FD44A3 /* Shader.fsh */ = {isa = PBXFileReference; lastKnownFileType = sourcecode.glsl; name = Shader.fsh; path = Shaders/Shader.fsh; sourceTree = "<group>"; };
		987D79DC162775C500FD44A3 /* Shader.vsh */ = {isa = PBXFileReference; lastKnownFileType = sourcecode.glsl; name = Shader.vsh; path = Shaders/Shader.vsh; sourceTree = "<group>"; };
		987D79DE162775C500FD44A3 /* BreakoutViewController.h */ = {isa = PBXFileReference; lastKnownFileType = sourcecode.c.h; path = BreakoutViewController.h; sourceTree = "<group>"; };
		987D79DF162775C500FD44A3 /* BreakoutViewController.m */ = {isa = PBXFileReference; lastKnownFileType = sourcecode.c.objc; path = BreakoutViewController.m; sourceTree = "<group>"; };
		98FFBF491649C81600847368 /* IBRTexture.h */ = {isa = PBXFileReference; fileEncoding = 4; lastKnownFileType = sourcecode.c.h; path = IBRTexture.h; sourceTree = "<group>"; };
		98FFBF4A1649C81600847368 /* IBRTexture.mm */ = {isa = PBXFileReference; fileEncoding = 4; lastKnownFileType = sourcecode.cpp.objcpp; path = IBRTexture.mm; sourceTree = "<group>"; };
		98FFBF4B1649C81600847368 /* TEXTURE.cpp */ = {isa = PBXFileReference; fileEncoding = 4; lastKnownFileType = sourcecode.cpp.cpp; path = TEXTURE.cpp; sourceTree = "<group>"; };
		98FFBF4C1649C81600847368 /* TEXTURE.h */ = {isa = PBXFileReference; fileEncoding = 4; lastKnownFileType = sourcecode.c.h; path = TEXTURE.h; sourceTree = "<group>"; };
		98FFBF511649C95F00847368 /* VideoShader.fsh */ = {isa = PBXFileReference; fileEncoding = 4; lastKnownFileType = sourcecode.glsl; path = VideoShader.fsh; sourceTree = "<group>"; };
		98FFBF521649C95F00847368 /* VideoShader.vsh */ = {isa = PBXFileReference; fileEncoding = 4; lastKnownFileType = sourcecode.glsl; path = VideoShader.vsh; sourceTree = "<group>"; };
		98FFBF551649C98B00847368 /* glUtil.h */ = {isa = PBXFileReference; fileEncoding = 4; lastKnownFileType = sourcecode.c.h; path = glUtil.h; sourceTree = SOURCE_ROOT; };
/* End PBXFileReference section */

/* Begin PBXFrameworksBuildPhase section */
		987D79B7162775C500FD44A3 /* Frameworks */ = {
			isa = PBXFrameworksBuildPhase;
			buildActionMask = 2147483647;
			files = (
				987D79BF162775C500FD44A3 /* UIKit.framework in Frameworks */,
				987D79C1162775C500FD44A3 /* Foundation.framework in Frameworks */,
				987D79C3162775C500FD44A3 /* CoreGraphics.framework in Frameworks */,
				987D79C5162775C500FD44A3 /* GLKit.framework in Frameworks */,
				987D79C7162775C500FD44A3 /* OpenGLES.framework in Frameworks */,
			);
			runOnlyForDeploymentPostprocessing = 0;
		};
/* End PBXFrameworksBuildPhase section */

/* Begin PBXGroup section */
		987D79AF162775C500FD44A3 = {
			isa = PBXGroup;
			children = (
				987D79C8162775C500FD44A3 /* Breakout */,
				987D79BD162775C500FD44A3 /* Frameworks */,
				987D79BB162775C500FD44A3 /* Products */,
			);
			sourceTree = "<group>";
		};
		987D79BB162775C500FD44A3 /* Products */ = {
			isa = PBXGroup;
			children = (
				987D79BA162775C500FD44A3 /* Breakout.app */,
			);
			name = Products;
			sourceTree = "<group>";
		};
		987D79BD162775C500FD44A3 /* Frameworks */ = {
			isa = PBXGroup;
			children = (
				987D79BE162775C500FD44A3 /* UIKit.framework */,
				987D79C0162775C500FD44A3 /* Foundation.framework */,
				987D79C2162775C500FD44A3 /* CoreGraphics.framework */,
				987D79C4162775C500FD44A3 /* GLKit.framework */,
				987D79C6162775C500FD44A3 /* OpenGLES.framework */,
			);
			name = Frameworks;
			sourceTree = "<group>";
		};
		987D79C8162775C500FD44A3 /* Breakout */ = {
			isa = PBXGroup;
			children = (
				98FFBF551649C98B00847368 /* glUtil.h */,
				98FFBF501649C95F00847368 /* AbeVideoShader */,
				98FFBF481649C81600847368 /* AbeTextures */,
				987D79D1162775C500FD44A3 /* BreakoutAppDelegate.h */,
				987D79D2162775C500FD44A3 /* BreakoutAppDelegate.m */,
				987D79D4162775C500FD44A3 /* MainStoryboard_iPhone.storyboard */,
				987D79D7162775C500FD44A3 /* MainStoryboard_iPad.storyboard */,
				987D79DA162775C500FD44A3 /* Shader.fsh */,
				987D79DC162775C500FD44A3 /* Shader.vsh */,
				987D79DE162775C500FD44A3 /* BreakoutViewController.h */,
				987D79DF162775C500FD44A3 /* BreakoutViewController.m */,
				987D79C9162775C500FD44A3 /* Supporting Files */,
			);
			path = Breakout;
			sourceTree = "<group>";
		};
		987D79C9162775C500FD44A3 /* Supporting Files */ = {
			isa = PBXGroup;
			children = (
				987D79CA162775C500FD44A3 /* Breakout-Info.plist */,
				987D79CB162775C500FD44A3 /* InfoPlist.strings */,
				987D79CE162775C500FD44A3 /* main.m */,
				987D79D0162775C500FD44A3 /* Breakout-Prefix.pch */,
			);
			name = "Supporting Files";
			sourceTree = "<group>";
		};
		98FFBF481649C81600847368 /* AbeTextures */ = {
			isa = PBXGroup;
			children = (
				98FFBF491649C81600847368 /* IBRTexture.h */,
				98FFBF4A1649C81600847368 /* IBRTexture.mm */,
				98FFBF4B1649C81600847368 /* TEXTURE.cpp */,
				98FFBF4C1649C81600847368 /* TEXTURE.h */,
			);
			path = AbeTextures;
			sourceTree = SOURCE_ROOT;
		};
		98FFBF501649C95F00847368 /* AbeVideoShader */ = {
			isa = PBXGroup;
			children = (
				98FFBF511649C95F00847368 /* VideoShader.fsh */,
				98FFBF521649C95F00847368 /* VideoShader.vsh */,
			);
			path = AbeVideoShader;
			sourceTree = SOURCE_ROOT;
		};
/* End PBXGroup section */

/* Begin PBXNativeTarget section */
		987D79B9162775C500FD44A3 /* Breakout */ = {
			isa = PBXNativeTarget;
			buildConfigurationList = 987D79E3162775C500FD44A3 /* Build configuration list for PBXNativeTarget "Breakout" */;
			buildPhases = (
				987D79B6162775C500FD44A3 /* Sources */,
				987D79B7162775C500FD44A3 /* Frameworks */,
				987D79B8162775C500FD44A3 /* Resources */,
			);
			buildRules = (
			);
			dependencies = (
			);
			name = Breakout;
			productName = Breakout;
			productReference = 987D79BA162775C500FD44A3 /* Breakout.app */;
			productType = "com.apple.product-type.application";
		};
/* End PBXNativeTarget section */

/* Begin PBXProject section */
		987D79B1162775C500FD44A3 /* Project object */ = {
			isa = PBXProject;
			attributes = {
				LastUpgradeCheck = 0420;
			};
			buildConfigurationList = 987D79B4162775C500FD44A3 /* Build configuration list for PBXProject "Breakout" */;
			compatibilityVersion = "Xcode 3.2";
			developmentRegion = English;
			hasScannedForEncodings = 0;
			knownRegions = (
				en,
			);
			mainGroup = 987D79AF162775C500FD44A3;
			productRefGroup = 987D79BB162775C500FD44A3 /* Products */;
			projectDirPath = "";
			projectRoot = "";
			targets = (
				987D79B9162775C500FD44A3 /* Breakout */,
			);
		};
/* End PBXProject section */

/* Begin PBXResourcesBuildPhase section */
		987D79B8162775C500FD44A3 /* Resources */ = {
			isa = PBXResourcesBuildPhase;
			buildActionMask = 2147483647;
			files = (
				987D79CD162775C500FD44A3 /* InfoPlist.strings in Resources */,
				987D79D6162775C500FD44A3 /* MainStoryboard_iPhone.storyboard in Resources */,
				987D79D9162775C500FD44A3 /* MainStoryboard_iPad.storyboard in Resources */,
				987D79DB162775C500FD44A3 /* Shader.fsh in Resources */,
				987D79DD162775C500FD44A3 /* Shader.vsh in Resources */,
			);
			runOnlyForDeploymentPostprocessing = 0;
		};
/* End PBXResourcesBuildPhase section */

/* Begin PBXSourcesBuildPhase section */
		987D79B6162775C500FD44A3 /* Sources */ = {
			isa = PBXSourcesBuildPhase;
			buildActionMask = 2147483647;
			files = (
				987D79CF162775C500FD44A3 /* main.m in Sources */,
				987D79D3162775C500FD44A3 /* BreakoutAppDelegate.m in Sources */,
				987D79E0162775C500FD44A3 /* BreakoutViewController.m in Sources */,
				98FFBF4D1649C81600847368 /* IBRTexture.mm in Sources */,
				98FFBF4E1649C81600847368 /* TEXTURE.cpp in Sources */,
				98FFBF531649C95F00847368 /* VideoShader.fsh in Sources */,
				98FFBF541649C95F00847368 /* VideoShader.vsh in Sources */,
			);
			runOnlyForDeploymentPostprocessing = 0;
		};
/* End PBXSourcesBuildPhase section */

/* Begin PBXVariantGroup section */
		987D79CB162775C500FD44A3 /* InfoPlist.strings */ = {
			isa = PBXVariantGroup;
			children = (
				987D79CC162775C500FD44A3 /* en */,
			);
			name = InfoPlist.strings;
			sourceTree = "<group>";
		};
		987D79D4162775C500FD44A3 /* MainStoryboard_iPhone.storyboard */ = {
			isa = PBXVariantGroup;
			children = (
				987D79D5162775C500FD44A3 /* en */,
			);
			name = MainStoryboard_iPhone.storyboard;
			sourceTree = "<group>";
		};
		987D79D7162775C500FD44A3 /* MainStoryboard_iPad.storyboard */ = {
			isa = PBXVariantGroup;
			children = (
				987D79D8162775C500FD44A3 /* en */,
			);
			name = MainStoryboard_iPad.storyboard;
			sourceTree = "<group>";
		};
/* End PBXVariantGroup section */

/* Begin XCBuildConfiguration section */
		987D79E1162775C500FD44A3 /* Debug */ = {
			isa = XCBuildConfiguration;
			buildSettings = {
				ALWAYS_SEARCH_USER_PATHS = NO;
				ARCHS = "$(ARCHS_STANDARD_32_BIT)";
				CLANG_ENABLE_OBJC_ARC = YES;
				"CODE_SIGN_IDENTITY[sdk=iphoneos*]" = "iPhone Developer";
				COPY_PHASE_STRIP = NO;
				GCC_C_LANGUAGE_STANDARD = gnu99;
				GCC_DYNAMIC_NO_PIC = NO;
				GCC_OPTIMIZATION_LEVEL = 0;
				GCC_PREPROCESSOR_DEFINITIONS = (
					"DEBUG=1",
					"$(inherited)",
				);
				GCC_SYMBOLS_PRIVATE_EXTERN = NO;
				GCC_VERSION = com.apple.compilers.llvm.clang.1_0;
				GCC_WARN_ABOUT_MISSING_PROTOTYPES = YES;
				GCC_WARN_ABOUT_RETURN_TYPE = YES;
				GCC_WARN_UNUSED_VARIABLE = YES;
				IPHONEOS_DEPLOYMENT_TARGET = 5.0;
				SDKROOT = iphoneos;
				TARGETED_DEVICE_FAMILY = "1,2";
			};
			name = Debug;
		};
		987D79E2162775C500FD44A3 /* Release */ = {
			isa = XCBuildConfiguration;
			buildSettings = {
				ALWAYS_SEARCH_USER_PATHS = NO;
				ARCHS = "$(ARCHS_STANDARD_32_BIT)";
				CLANG_ENABLE_OBJC_ARC = YES;
				"CODE_SIGN_IDENTITY[sdk=iphoneos*]" = "iPhone Developer";
				COPY_PHASE_STRIP = YES;
				GCC_C_LANGUAGE_STANDARD = gnu99;
				GCC_VERSION = com.apple.compilers.llvm.clang.1_0;
				GCC_WARN_ABOUT_MISSING_PROTOTYPES = YES;
				GCC_WARN_ABOUT_RETURN_TYPE = YES;
				GCC_WARN_UNUSED_VARIABLE = YES;
				IPHONEOS_DEPLOYMENT_TARGET = 5.0;
				OTHER_CFLAGS = "-DNS_BLOCK_ASSERTIONS=1";
				SDKROOT = iphoneos;
				TARGETED_DEVICE_FAMILY = "1,2";
				VALIDATE_PRODUCT = YES;
			};
			name = Release;
		};
		987D79E4162775C500FD44A3 /* Debug */ = {
			isa = XCBuildConfiguration;
			buildSettings = {
				GCC_PRECOMPILE_PREFIX_HEADER = YES;
				GCC_PREFIX_HEADER = "Breakout/Breakout-Prefix.pch";
				"GCC_THUMB_SUPPORT[arch=armv6]" = "";
				INFOPLIST_FILE = "Breakout/Breakout-Info.plist";
				PRODUCT_NAME = "$(TARGET_NAME)";
				TARGETED_DEVICE_FAMILY = "1,2";
				WRAPPER_EXTENSION = app;
			};
			name = Debug;
		};
		987D79E5162775C500FD44A3 /* Release */ = {
			isa = XCBuildConfiguration;
			buildSettings = {
				GCC_PRECOMPILE_PREFIX_HEADER = YES;
				GCC_PREFIX_HEADER = "Breakout/Breakout-Prefix.pch";
				"GCC_THUMB_SUPPORT[arch=armv6]" = "";
				INFOPLIST_FILE = "Breakout/Breakout-Info.plist";
				PRODUCT_NAME = "$(TARGET_NAME)";
				TARGETED_DEVICE_FAMILY = "1,2";
				WRAPPER_EXTENSION = app;
			};
			name = Release;
		};
/* End XCBuildConfiguration section */

/* Begin XCConfigurationList section */
		987D79B4162775C500FD44A3 /* Build configuration list for PBXProject "Breakout" */ = {
			isa = XCConfigurationList;
			buildConfigurations = (
				987D79E1162775C500FD44A3 /* Debug */,
				987D79E2162775C500FD44A3 /* Release */,
			);
			defaultConfigurationIsVisible = 0;
			defaultConfigurationName = Release;
		};
		987D79E3162775C500FD44A3 /* Build configuration list for PBXNativeTarget "Breakout" */ = {
			isa = XCConfigurationList;
			buildConfigurations = (
				987D79E4162775C500FD44A3 /* Debug */,
				987D79E5162775C500FD44A3 /* Release */,
			);
			defaultConfigurationIsVisible = 0;
			defaultConfigurationName = Release;
		};
/* End XCConfigurationList section */
	};
	rootObject = 987D79B1162775C500FD44A3 /* Project object */;
}
